
Microsoft Visual Studio Solution File, Format Version 12.00
# Visual Studio Version 16
VisualStudioVersion = 16.0.29905.134
MinimumVisualStudioVersion = 10.0.40219.1
Project("{9A19103F-16F7-4668-BE54-9A1E7A4F7556}") = "TestApp", "TestApp\TestApp.csproj", "{EBB9DE37-82F3-4CB5-8E9B-3E7E3DDA2158}"
EndProject
Project("{9A19103F-16F7-4668-BE54-9A1E7A4F7556}") = "MaximinGenerator", "ClassesGenerator\MaximinGenerator.csproj", "{1633D2BF-F882-4C35-80B4-43B7C67193DC}"
EndProject
Project("{9A19103F-16F7-4668-BE54-9A1E7A4F7556}") = "WpfApp2", "WpfApp2\WpfApp2.csproj", "{27C17FE6-096F-4371-9585-0192F80383AE}"
EndProject
Project("{9A19103F-16F7-4668-BE54-9A1E7A4F7556}") = "KMeansGenerator", "ClassGenerator\KMeansGenerator.csproj", "{DA6EFA0E-F21D-401F-9617-759781B9D249}"
EndProject
Project("{FAE04EC0-301F-11D3-BF4B-00C04F79EFBC}") = "Generator", "Generator\Generator.csproj", "{293E98DE-7434-461F-A9EE-C9EB8168A191}"
EndProject
Global
	GlobalSection(SolutionConfigurationPlatforms) = preSolution
		Debug|Any CPU = Debug|Any CPU
		Release|Any CPU = Release|Any CPU
	EndGlobalSection
	GlobalSection(ProjectConfigurationPlatforms) = postSolution
		{EBB9DE37-82F3-4CB5-8E9B-3E7E3DDA2158}.Debug|Any CPU.ActiveCfg = Debug|Any CPU
		{EBB9DE37-82F3-4CB5-8E9B-3E7E3DDA2158}.Debug|Any CPU.Build.0 = Debug|Any CPU
		{EBB9DE37-82F3-4CB5-8E9B-3E7E3DDA2158}.Release|Any CPU.ActiveCfg = Release|Any CPU
		{EBB9DE37-82F3-4CB5-8E9B-3E7E3DDA2158}.Release|Any CPU.Build.0 = Release|Any CPU
		{1633D2BF-F882-4C35-80B4-43B7C67193DC}.Debug|Any CPU.ActiveCfg = Debug|Any CPU
		{1633D2BF-F882-4C35-80B4-43B7C67193DC}.Debug|Any CPU.Build.0 = Debug|Any CPU
		{1633D2BF-F882-4C35-80B4-43B7C67193DC}.Release|Any CPU.ActiveCfg = Release|Any CPU
		{1633D2BF-F882-4C35-80B4-43B7C67193DC}.Release|Any CPU.Build.0 = Release|Any CPU
		{27C17FE6-096F-4371-9585-0192F80383AE}.Debug|Any CPU.ActiveCfg = Debug|Any CPU
		{27C17FE6-096F-4371-9585-0192F80383AE}.Debug|Any CPU.Build.0 = Debug|Any CPU
		{27C17FE6-096F-4371-9585-0192F80383AE}.Release|Any CPU.ActiveCfg = Release|Any CPU
		{27C17FE6-096F-4371-9585-0192F80383AE}.Release|Any CPU.Build.0 = Release|Any CPU
		{DA6EFA0E-F21D-401F-9617-759781B9D249}.Debug|Any CPU.ActiveCfg = Debug|Any CPU
		{DA6EFA0E-F21D-401F-9617-759781B9D249}.Debug|Any CPU.Build.0 = Debug|Any CPU
		{DA6EFA0E-F21D-401F-9617-759781B9D249}.Release|Any CPU.ActiveCfg = Release|Any CPU
		{DA6EFA0E-F21D-401F-9617-759781B9D249}.Release|Any CPU.Build.0 = Release|Any CPU
		{293E98DE-7434-461F-A9EE-C9EB8168A191}.Debug|Any CPU.ActiveCfg = Debug|Any CPU
		{293E98DE-7434-461F-A9EE-C9EB8168A191}.Debug|Any CPU.Build.0 = Debug|Any CPU
		{293E98DE-7434-461F-A9EE-C9EB8168A191}.Release|Any CPU.ActiveCfg = Release|Any CPU
		{293E98DE-7434-461F-A9EE-C9EB8168A191}.Release|Any CPU.Build.0 = Release|Any CPU
	EndGlobalSection
	GlobalSection(SolutionProperties) = preSolution
		HideSolutionNode = FALSE
	EndGlobalSection
	GlobalSection(ExtensibilityGlobals) = postSolution
		SolutionGuid = {12F41723-EF94-41CF-9FE7-F22E65496B89}
	EndGlobalSection
EndGlobal
