
Microsoft Visual Studio Solution File, Format Version 12.00
Project("{FAE04EC0-301F-11D3-BF4B-00C04F79EFBC}") = "WpfApp1", "WpfApp1\WpfApp1.csproj", "{2D1C74F1-9812-458E-89BF-90DD97E720C8}"
EndProject
Global
	GlobalSection(SolutionConfigurationPlatforms) = preSolution
		Debug|Any CPU = Debug|Any CPU
		Release|Any CPU = Release|Any CPU
	EndGlobalSection
	GlobalSection(ProjectConfigurationPlatforms) = postSolution
		{2D1C74F1-9812-458E-89BF-90DD97E720C8}.Debug|Any CPU.ActiveCfg = Debug|Any CPU
		{2D1C74F1-9812-458E-89BF-90DD97E720C8}.Debug|Any CPU.Build.0 = Debug|Any CPU
		{2D1C74F1-9812-458E-89BF-90DD97E720C8}.Release|Any CPU.ActiveCfg = Release|Any CPU
		{2D1C74F1-9812-458E-89BF-90DD97E720C8}.Release|Any CPU.Build.0 = Release|Any CPU
	EndGlobalSection
EndGlobal
