
Microsoft Visual Studio Solution File, Format Version 12.00
# Visual Studio Version 16
VisualStudioVersion = 16.0.29905.134
MinimumVisualStudioVersion = 10.0.40219.1
Project("{9A19103F-16F7-4668-BE54-9A1E7A4F7556}") = "KMeansGenerator", "ClassGenerator\KMeansGenerator.csproj", "{6A980AE7-71F0-4ECA-8454-5A1BA5BAAE4B}"
EndProject
Project("{9A19103F-16F7-4668-BE54-9A1E7A4F7556}") = "TestApp", "TestApp\TestApp.csproj", "{67F02809-1CFD-4FCE-9117-15F3C38476C5}"
EndProject
Project("{9A19103F-16F7-4668-BE54-9A1E7A4F7556}") = "WpfApp1", "WpfApp1\WpfApp1.csproj", "{4FDAB8F3-CD9A-4226-A14F-C5179D3A2515}"
EndProject
Project("{9A19103F-16F7-4668-BE54-9A1E7A4F7556}") = "WpfApp2", "WpfApp2\WpfApp2.csproj", "{19BE9C61-528C-47A9-A213-4B0E71DCD672}"
EndProject
Global
	GlobalSection(SolutionConfigurationPlatforms) = preSolution
		Debug|Any CPU = Debug|Any CPU
		Release|Any CPU = Release|Any CPU
	EndGlobalSection
	GlobalSection(ProjectConfigurationPlatforms) = postSolution
		{6A980AE7-71F0-4ECA-8454-5A1BA5BAAE4B}.Debug|Any CPU.ActiveCfg = Debug|Any CPU
		{6A980AE7-71F0-4ECA-8454-5A1BA5BAAE4B}.Debug|Any CPU.Build.0 = Debug|Any CPU
		{6A980AE7-71F0-4ECA-8454-5A1BA5BAAE4B}.Release|Any CPU.ActiveCfg = Release|Any CPU
		{6A980AE7-71F0-4ECA-8454-5A1BA5BAAE4B}.Release|Any CPU.Build.0 = Release|Any CPU
		{67F02809-1CFD-4FCE-9117-15F3C38476C5}.Debug|Any CPU.ActiveCfg = Debug|Any CPU
		{67F02809-1CFD-4FCE-9117-15F3C38476C5}.Debug|Any CPU.Build.0 = Debug|Any CPU
		{67F02809-1CFD-4FCE-9117-15F3C38476C5}.Release|Any CPU.ActiveCfg = Release|Any CPU
		{67F02809-1CFD-4FCE-9117-15F3C38476C5}.Release|Any CPU.Build.0 = Release|Any CPU
		{4FDAB8F3-CD9A-4226-A14F-C5179D3A2515}.Debug|Any CPU.ActiveCfg = Debug|Any CPU
		{4FDAB8F3-CD9A-4226-A14F-C5179D3A2515}.Debug|Any CPU.Build.0 = Debug|Any CPU
		{4FDAB8F3-CD9A-4226-A14F-C5179D3A2515}.Release|Any CPU.ActiveCfg = Release|Any CPU
		{4FDAB8F3-CD9A-4226-A14F-C5179D3A2515}.Release|Any CPU.Build.0 = Release|Any CPU
		{19BE9C61-528C-47A9-A213-4B0E71DCD672}.Debug|Any CPU.ActiveCfg = Debug|Any CPU
		{19BE9C61-528C-47A9-A213-4B0E71DCD672}.Debug|Any CPU.Build.0 = Debug|Any CPU
		{19BE9C61-528C-47A9-A213-4B0E71DCD672}.Release|Any CPU.ActiveCfg = Release|Any CPU
		{19BE9C61-528C-47A9-A213-4B0E71DCD672}.Release|Any CPU.Build.0 = Release|Any CPU
	EndGlobalSection
	GlobalSection(SolutionProperties) = preSolution
		HideSolutionNode = FALSE
	EndGlobalSection
	GlobalSection(ExtensibilityGlobals) = postSolution
		SolutionGuid = {125FBEF1-D163-4E4F-96D4-4D9AB657646A}
	EndGlobalSection
EndGlobal
