
Microsoft Visual Studio Solution File, Format Version 12.00
# Visual Studio Version 16
VisualStudioVersion = 16.0.29905.134
MinimumVisualStudioVersion = 10.0.40219.1
Project("{FAE04EC0-301F-11D3-BF4B-00C04F79EFBC}") = "WpfApp2", "WpfApp2\WpfApp2.csproj", "{2F536F02-7A8A-435E-B3E4-7139C33D190F}"
EndProject
Global
	GlobalSection(SolutionConfigurationPlatforms) = preSolution
		Debug|Any CPU = Debug|Any CPU
		Release|Any CPU = Release|Any CPU
	EndGlobalSection
	GlobalSection(ProjectConfigurationPlatforms) = postSolution
		{2F536F02-7A8A-435E-B3E4-7139C33D190F}.Debug|Any CPU.ActiveCfg = Debug|Any CPU
		{2F536F02-7A8A-435E-B3E4-7139C33D190F}.Debug|Any CPU.Build.0 = Debug|Any CPU
		{2F536F02-7A8A-435E-B3E4-7139C33D190F}.Release|Any CPU.ActiveCfg = Release|Any CPU
		{2F536F02-7A8A-435E-B3E4-7139C33D190F}.Release|Any CPU.Build.0 = Release|Any CPU
	EndGlobalSection
	GlobalSection(SolutionProperties) = preSolution
		HideSolutionNode = FALSE
	EndGlobalSection
	GlobalSection(ExtensibilityGlobals) = postSolution
		SolutionGuid = {826EBE55-5264-4E7A-A092-72FB8B9C4237}
	EndGlobalSection
EndGlobal
